
Microsoft Visual Studio Solution File, Format Version 12.00
# Visual Studio Version 16
VisualStudioVersion = 16.0.30330.147
MinimumVisualStudioVersion = 10.0.40219.1
Project("{FAE04EC0-301F-11D3-BF4B-00C04F79EFBC}") = "PracticaCompYDoc", "PracticaCompYDoc.csproj", "{CA9EF98B-1216-4DF9-9869-4378D4A0BF68}"
EndProject
Global
	GlobalSection(SolutionConfigurationPlatforms) = preSolution
		Debug|Any CPU = Debug|Any CPU
		Release|Any CPU = Release|Any CPU
	EndGlobalSection
	GlobalSection(ProjectConfigurationPlatforms) = postSolution
		{CA9EF98B-1216-4DF9-9869-4378D4A0BF68}.Debug|Any CPU.ActiveCfg = Debug|Any CPU
		{CA9EF98B-1216-4DF9-9869-4378D4A0BF68}.Debug|Any CPU.Build.0 = Debug|Any CPU
		{CA9EF98B-1216-4DF9-9869-4378D4A0BF68}.Release|Any CPU.ActiveCfg = Release|Any CPU
		{CA9EF98B-1216-4DF9-9869-4378D4A0BF68}.Release|Any CPU.Build.0 = Release|Any CPU
	EndGlobalSection
	GlobalSection(SolutionProperties) = preSolution
		HideSolutionNode = FALSE
	EndGlobalSection
	GlobalSection(ExtensibilityGlobals) = postSolution
		SolutionGuid = {7ACF1913-5526-4A4B-906F-332EEEF9C3A2}
	EndGlobalSection
EndGlobal
